// !$*UTF8*$!
{
	archiveVersion = 1;
	classes = {
	};
	objectVersion = 50;
	objects = {

/* Begin PBXBuildFile section */
		5292A925216BEBE000EB6D90 /* AppDelegate.swift in Sources */ = {isa = PBXBuildFile; fileRef = 5292A924216BEBE000EB6D90 /* AppDelegate.swift */; };
		5292A927216BEBE000EB6D90 /* DocumentBrowserViewController.swift in Sources */ = {isa = PBXBuildFile; fileRef = 5292A926216BEBE000EB6D90 /* DocumentBrowserViewController.swift */; };
		5292A929216BEBE000EB6D90 /* DocumentViewController.swift in Sources */ = {isa = PBXBuildFile; fileRef = 5292A928216BEBE000EB6D90 /* DocumentViewController.swift */; };
		5292A92B216BEBE000EB6D90 /* Document.swift in Sources */ = {isa = PBXBuildFile; fileRef = 5292A92A216BEBE000EB6D90 /* Document.swift */; };
		5292A92E216BEBE000EB6D90 /* Main.storyboard in Resources */ = {isa = PBXBuildFile; fileRef = 5292A92C216BEBE000EB6D90 /* Main.storyboard */; };
		5292A930216BEBE100EB6D90 /* Assets.xcassets in Resources */ = {isa = PBXBuildFile; fileRef = 5292A92F216BEBE100EB6D90 /* Assets.xcassets */; };
		5292A933216BEBE100EB6D90 /* LaunchScreen.storyboard in Resources */ = {isa = PBXBuildFile; fileRef = 5292A931216BEBE100EB6D90 /* LaunchScreen.storyboard */; };
		5292A93F216BEC2D00EB6D90 /* MapKit.framework in Frameworks */ = {isa = PBXBuildFile; fileRef = 5292A93E216BEC2D00EB6D90 /* MapKit.framework */; };
/* End PBXBuildFile section */

/* Begin PBXFileReference section */
		5292A921216BEBE000EB6D90 /* NannyV3.app */ = {isa = PBXFileReference; explicitFileType = wrapper.application; includeInIndex = 0; path = NannyV3.app; sourceTree = BUILT_PRODUCTS_DIR; };
		5292A924216BEBE000EB6D90 /* AppDelegate.swift */ = {isa = PBXFileReference; lastKnownFileType = sourcecode.swift; path = AppDelegate.swift; sourceTree = "<group>"; };
		5292A926216BEBE000EB6D90 /* DocumentBrowserViewController.swift */ = {isa = PBXFileReference; lastKnownFileType = sourcecode.swift; path = DocumentBrowserViewController.swift; sourceTree = "<group>"; };
		5292A928216BEBE000EB6D90 /* DocumentViewController.swift */ = {isa = PBXFileReference; lastKnownFileType = sourcecode.swift; path = DocumentViewController.swift; sourceTree = "<group>"; };
		5292A92A216BEBE000EB6D90 /* Document.swift */ = {isa = PBXFileReference; lastKnownFileType = sourcecode.swift; path = Document.swift; sourceTree = "<group>"; };
		5292A92D216BEBE000EB6D90 /* Base */ = {isa = PBXFileReference; lastKnownFileType = file.storyboard; name = Base; path = Base.lproj/Main.storyboard; sourceTree = "<group>"; };
		5292A92F216BEBE100EB6D90 /* Assets.xcassets */ = {isa = PBXFileReference; lastKnownFileType = folder.assetcatalog; path = Assets.xcassets; sourceTree = "<group>"; };
		5292A932216BEBE100EB6D90 /* Base */ = {isa = PBXFileReference; lastKnownFileType = file.storyboard; name = Base; path = Base.lproj/LaunchScreen.storyboard; sourceTree = "<group>"; };
		5292A934216BEBE100EB6D90 /* Info.plist */ = {isa = PBXFileReference; lastKnownFileType = text.plist.xml; path = Info.plist; sourceTree = "<group>"; };
		5292A93A216BEC1900EB6D90 /* NannyV3.entitlements */ = {isa = PBXFileReference; lastKnownFileType = text.plist.entitlements; path = NannyV3.entitlements; sourceTree = "<group>"; };
		5292A93E216BEC2D00EB6D90 /* MapKit.framework */ = {isa = PBXFileReference; lastKnownFileType = wrapper.framework; name = MapKit.framework; path = System/Library/Frameworks/MapKit.framework; sourceTree = SDKROOT; };
/* End PBXFileReference section */

/* Begin PBXFrameworksBuildPhase section */
		5292A91E216BEBE000EB6D90 /* Frameworks */ = {
			isa = PBXFrameworksBuildPhase;
			buildActionMask = 2147483647;
			files = (
				5292A93F216BEC2D00EB6D90 /* MapKit.framework in Frameworks */,
			);
			runOnlyForDeploymentPostprocessing = 0;
		};
/* End PBXFrameworksBuildPhase section */

/* Begin PBXGroup section */
		5292A918216BEBE000EB6D90 = {
			isa = PBXGroup;
			children = (
				5292A923216BEBE000EB6D90 /* NannyV3 */,
				5292A922216BEBE000EB6D90 /* Products */,
				5292A93B216BEC2800EB6D90 /* Frameworks */,
			);
			sourceTree = "<group>";
		};
		5292A922216BEBE000EB6D90 /* Products */ = {
			isa = PBXGroup;
			children = (
				5292A921216BEBE000EB6D90 /* NannyV3.app */,
			);
			name = Products;
			sourceTree = "<group>";
		};
		5292A923216BEBE000EB6D90 /* NannyV3 */ = {
			isa = PBXGroup;
			children = (
				5292A93A216BEC1900EB6D90 /* NannyV3.entitlements */,
				5292A924216BEBE000EB6D90 /* AppDelegate.swift */,
				5292A926216BEBE000EB6D90 /* DocumentBrowserViewController.swift */,
				5292A928216BEBE000EB6D90 /* DocumentViewController.swift */,
				5292A92A216BEBE000EB6D90 /* Document.swift */,
				5292A92C216BEBE000EB6D90 /* Main.storyboard */,
				5292A92F216BEBE100EB6D90 /* Assets.xcassets */,
				5292A931216BEBE100EB6D90 /* LaunchScreen.storyboard */,
				5292A934216BEBE100EB6D90 /* Info.plist */,
			);
			path = NannyV3;
			sourceTree = "<group>";
		};
		5292A93B216BEC2800EB6D90 /* Frameworks */ = {
			isa = PBXGroup;
			children = (
				5292A93E216BEC2D00EB6D90 /* MapKit.framework */,
			);
			name = Frameworks;
			sourceTree = "<group>";
		};
/* End PBXGroup section */

/* Begin PBXNativeTarget section */
		5292A920216BEBE000EB6D90 /* NannyV3 */ = {
			isa = PBXNativeTarget;
			buildConfigurationList = 5292A937216BEBE100EB6D90 /* Build configuration list for PBXNativeTarget "NannyV3" */;
			buildPhases = (
				5292A91D216BEBE000EB6D90 /* Sources */,
				5292A91E216BEBE000EB6D90 /* Frameworks */,
				5292A91F216BEBE000EB6D90 /* Resources */,
			);
			buildRules = (
			);
			dependencies = (
			);
			name = NannyV3;
			productName = NannyV3;
			productReference = 5292A921216BEBE000EB6D90 /* NannyV3.app */;
			productType = "com.apple.product-type.application";
		};
/* End PBXNativeTarget section */

/* Begin PBXProject section */
		5292A919216BEBE000EB6D90 /* Project object */ = {
			isa = PBXProject;
			attributes = {
				LastSwiftUpdateCheck = 0940;
				LastUpgradeCheck = 0940;
				ORGANIZATIONNAME = "Ankit Samal";
				TargetAttributes = {
					5292A920216BEBE000EB6D90 = {
						CreatedOnToolsVersion = 9.4.1;
						SystemCapabilities = {
							com.apple.ApplicationGroups.iOS = {
								enabled = 1;
							};
							com.apple.DataProtection = {
								enabled = 1;
							};
							com.apple.HotspotConfiguration = {
								enabled = 0;
							};
							com.apple.Maps.iOS = {
								enabled = 1;
							};
							com.apple.NetworkExtensions.iOS = {
								enabled = 0;
							};
							com.apple.Push = {
								enabled = 1;
							};
							com.apple.SafariKeychain = {
								enabled = 1;
							};
						};
					};
				};
			};
			buildConfigurationList = 5292A91C216BEBE000EB6D90 /* Build configuration list for PBXProject "NannyV3" */;
			compatibilityVersion = "Xcode 9.3";
			developmentRegion = en;
			hasScannedForEncodings = 0;
			knownRegions = (
				en,
				Base,
			);
			mainGroup = 5292A918216BEBE000EB6D90;
			productRefGroup = 5292A922216BEBE000EB6D90 /* Products */;
			projectDirPath = "";
			projectRoot = "";
			targets = (
				5292A920216BEBE000EB6D90 /* NannyV3 */,
			);
		};
/* End PBXProject section */

/* Begin PBXResourcesBuildPhase section */
		5292A91F216BEBE000EB6D90 /* Resources */ = {
			isa = PBXResourcesBuildPhase;
			buildActionMask = 2147483647;
			files = (
				5292A933216BEBE100EB6D90 /* LaunchScreen.storyboard in Resources */,
				5292A930216BEBE100EB6D90 /* Assets.xcassets in Resources */,
				5292A92E216BEBE000EB6D90 /* Main.storyboard in Resources */,
			);
			runOnlyForDeploymentPostprocessing = 0;
		};
/* End PBXResourcesBuildPhase section */

/* Begin PBXSourcesBuildPhase section */
		5292A91D216BEBE000EB6D90 /* Sources */ = {
			isa = PBXSourcesBuildPhase;
			buildActionMask = 2147483647;
			files = (
				5292A92B216BEBE000EB6D90 /* Document.swift in Sources */,
				5292A929216BEBE000EB6D90 /* DocumentViewController.swift in Sources */,
				5292A927216BEBE000EB6D90 /* DocumentBrowserViewController.swift in Sources */,
				5292A925216BEBE000EB6D90 /* AppDelegate.swift in Sources */,
			);
			runOnlyForDeploymentPostprocessing = 0;
		};
/* End PBXSourcesBuildPhase section */

/* Begin PBXVariantGroup section */
		5292A92C216BEBE000EB6D90 /* Main.storyboard */ = {
			isa = PBXVariantGroup;
			children = (
				5292A92D216BEBE000EB6D90 /* Base */,
			);
			name = Main.storyboard;
			sourceTree = "<group>";
		};
		5292A931216BEBE100EB6D90 /* LaunchScreen.storyboard */ = {
			isa = PBXVariantGroup;
			children = (
				5292A932216BEBE100EB6D90 /* Base */,
			);
			name = LaunchScreen.storyboard;
			sourceTree = "<group>";
		};
/* End PBXVariantGroup section */

/* Begin XCBuildConfiguration section */
		5292A935216BEBE100EB6D90 /* Debug */ = {
			isa = XCBuildConfiguration;
			buildSettings = {
				ALWAYS_SEARCH_USER_PATHS = NO;
				CLANG_ANALYZER_NONNULL = YES;
				CLANG_ANALYZER_NUMBER_OBJECT_CONVERSION = YES_AGGRESSIVE;
				CLANG_CXX_LANGUAGE_STANDARD = "gnu++14";
				CLANG_CXX_LIBRARY = "libc++";
				CLANG_ENABLE_MODULES = YES;
				CLANG_ENABLE_OBJC_ARC = YES;
				CLANG_ENABLE_OBJC_WEAK = YES;
				CLANG_WARN_BLOCK_CAPTURE_AUTORELEASING = YES;
				CLANG_WARN_BOOL_CONVERSION = YES;
				CLANG_WARN_COMMA = YES;
				CLANG_WARN_CONSTANT_CONVERSION = YES;
				CLANG_WARN_DEPRECATED_OBJC_IMPLEMENTATIONS = YES;
				CLANG_WARN_DIRECT_OBJC_ISA_USAGE = YES_ERROR;
				CLANG_WARN_DOCUMENTATION_COMMENTS = YES;
				CLANG_WARN_EMPTY_BODY = YES;
				CLANG_WARN_ENUM_CONVERSION = YES;
				CLANG_WARN_INFINITE_RECURSION = YES;
				CLANG_WARN_INT_CONVERSION = YES;
				CLANG_WARN_NON_LITERAL_NULL_CONVERSION = YES;
				CLANG_WARN_OBJC_IMPLICIT_RETAIN_SELF = YES;
				CLANG_WARN_OBJC_LITERAL_CONVERSION = YES;
				CLANG_WARN_OBJC_ROOT_CLASS = YES_ERROR;
				CLANG_WARN_RANGE_LOOP_ANALYSIS = YES;
				CLANG_WARN_STRICT_PROTOTYPES = YES;
				CLANG_WARN_SUSPICIOUS_MOVE = YES;
				CLANG_WARN_UNGUARDED_AVAILABILITY = YES_AGGRESSIVE;
				CLANG_WARN_UNREACHABLE_CODE = YES;
				CLANG_WARN__DUPLICATE_METHOD_MATCH = YES;
				CODE_SIGN_IDENTITY = "iPhone Developer";
				COPY_PHASE_STRIP = NO;
				DEBUG_INFORMATION_FORMAT = dwarf;
				ENABLE_STRICT_OBJC_MSGSEND = YES;
				ENABLE_TESTABILITY = YES;
				GCC_C_LANGUAGE_STANDARD = gnu11;
				GCC_DYNAMIC_NO_PIC = NO;
				GCC_NO_COMMON_BLOCKS = YES;
				GCC_OPTIMIZATION_LEVEL = 0;
				GCC_PREPROCESSOR_DEFINITIONS = (
					"DEBUG=1",
					"$(inherited)",
				);
				GCC_WARN_64_TO_32_BIT_CONVERSION = YES;
				GCC_WARN_ABOUT_RETURN_TYPE = YES_ERROR;
				GCC_WARN_UNDECLARED_SELECTOR = YES;
				GCC_WARN_UNINITIALIZED_AUTOS = YES_AGGRESSIVE;
				GCC_WARN_UNUSED_FUNCTION = YES;
				GCC_WARN_UNUSED_VARIABLE = YES;
				IPHONEOS_DEPLOYMENT_TARGET = 11.4;
				MTL_ENABLE_DEBUG_INFO = YES;
				ONLY_ACTIVE_ARCH = YES;
				SDKROOT = iphoneos;
				SWIFT_ACTIVE_COMPILATION_CONDITIONS = DEBUG;
				SWIFT_OPTIMIZATION_LEVEL = "-Onone";
			};
			name = Debug;
		};
		5292A936216BEBE100EB6D90 /* Release */ = {
			isa = XCBuildConfiguration;
			buildSettings = {
				ALWAYS_SEARCH_USER_PATHS = NO;
				CLANG_ANALYZER_NONNULL = YES;
				CLANG_ANALYZER_NUMBER_OBJECT_CONVERSION = YES_AGGRESSIVE;
				CLANG_CXX_LANGUAGE_STANDARD = "gnu++14";
				CLANG_CXX_LIBRARY = "libc++";
				CLANG_ENABLE_MODULES = YES;
				CLANG_ENABLE_OBJC_ARC = YES;
				CLANG_ENABLE_OBJC_WEAK = YES;
				CLANG_WARN_BLOCK_CAPTURE_AUTORELEASING = YES;
				CLANG_WARN_BOOL_CONVERSION = YES;
				CLANG_WARN_COMMA = YES;
				CLANG_WARN_CONSTANT_CONVERSION = YES;
				CLANG_WARN_DEPRECATED_OBJC_IMPLEMENTATIONS = YES;
				CLANG_WARN_DIRECT_OBJC_ISA_USAGE = YES_ERROR;
				CLANG_WARN_DOCUMENTATION_COMMENTS = YES;
				CLANG_WARN_EMPTY_BODY = YES;
				CLANG_WARN_ENUM_CONVERSION = YES;
				CLANG_WARN_INFINITE_RECURSION = YES;
				CLANG_WARN_INT_CONVERSION = YES;
				CLANG_WARN_NON_LITERAL_NULL_CONVERSION = YES;
				CLANG_WARN_OBJC_IMPLICIT_RETAIN_SELF = YES;
				CLANG_WARN_OBJC_LITERAL_CONVERSION = YES;
				CLANG_WARN_OBJC_ROOT_CLASS = YES_ERROR;
				CLANG_WARN_RANGE_LOOP_ANALYSIS = YES;
				CLANG_WARN_STRICT_PROTOTYPES = YES;
				CLANG_WARN_SUSPICIOUS_MOVE = YES;
				CLANG_WARN_UNGUARDED_AVAILABILITY = YES_AGGRESSIVE;
				CLANG_WARN_UNREACHABLE_CODE = YES;
				CLANG_WARN__DUPLICATE_METHOD_MATCH = YES;
				CODE_SIGN_IDENTITY = "iPhone Developer";
				COPY_PHASE_STRIP = NO;
				DEBUG_INFORMATION_FORMAT = "dwarf-with-dsym";
				ENABLE_NS_ASSERTIONS = NO;
				ENABLE_STRICT_OBJC_MSGSEND = YES;
				GCC_C_LANGUAGE_STANDARD = gnu11;
				GCC_NO_COMMON_BLOCKS = YES;
				GCC_WARN_64_TO_32_BIT_CONVERSION = YES;
				GCC_WARN_ABOUT_RETURN_TYPE = YES_ERROR;
				GCC_WARN_UNDECLARED_SELECTOR = YES;
				GCC_WARN_UNINITIALIZED_AUTOS = YES_AGGRESSIVE;
				GCC_WARN_UNUSED_FUNCTION = YES;
				GCC_WARN_UNUSED_VARIABLE = YES;
				IPHONEOS_DEPLOYMENT_TARGET = 11.4;
				MTL_ENABLE_DEBUG_INFO = NO;
				SDKROOT = iphoneos;
				SWIFT_COMPILATION_MODE = wholemodule;
				SWIFT_OPTIMIZATION_LEVEL = "-O";
				VALIDATE_PRODUCT = YES;
			};
			name = Release;
		};
		5292A938216BEBE100EB6D90 /* Debug */ = {
			isa = XCBuildConfiguration;
			buildSettings = {
				ASSETCATALOG_COMPILER_APPICON_NAME = AppIcon;
				CODE_SIGN_ENTITLEMENTS = NannyV3/NannyV3.entitlements;
				CODE_SIGN_STYLE = Automatic;
				DEVELOPMENT_TEAM = 39V5Q5W678;
				INFOPLIST_FILE = NannyV3/Info.plist;
				LD_RUNPATH_SEARCH_PATHS = (
					"$(inherited)",
					"@executable_path/Frameworks",
				);
				PRODUCT_BUNDLE_IDENTIFIER = com.asamal.NannyV3;
				PRODUCT_NAME = "$(TARGET_NAME)";
				SWIFT_VERSION = 4.0;
				TARGETED_DEVICE_FAMILY = "1,2";
			};
			name = Debug;
		};
		5292A939216BEBE100EB6D90 /* Release */ = {
			isa = XCBuildConfiguration;
			buildSettings = {
				ASSETCATALOG_COMPILER_APPICON_NAME = AppIcon;
				CODE_SIGN_ENTITLEMENTS = NannyV3/NannyV3.entitlements;
				CODE_SIGN_STYLE = Automatic;
				DEVELOPMENT_TEAM = 39V5Q5W678;
				INFOPLIST_FILE = NannyV3/Info.plist;
				LD_RUNPATH_SEARCH_PATHS = (
					"$(inherited)",
					"@executable_path/Frameworks",
				);
				PRODUCT_BUNDLE_IDENTIFIER = com.asamal.NannyV3;
				PRODUCT_NAME = "$(TARGET_NAME)";
				SWIFT_VERSION = 4.0;
				TARGETED_DEVICE_FAMILY = "1,2";
			};
			name = Release;
		};
/* End XCBuildConfiguration section */

/* Begin XCConfigurationList section */
		5292A91C216BEBE000EB6D90 /* Build configuration list for PBXProject "NannyV3" */ = {
			isa = XCConfigurationList;
			buildConfigurations = (
				5292A935216BEBE100EB6D90 /* Debug */,
				5292A936216BEBE100EB6D90 /* Release */,
			);
			defaultConfigurationIsVisible = 0;
			defaultConfigurationName = Release;
		};
		5292A937216BEBE100EB6D90 /* Build configuration list for PBXNativeTarget "NannyV3" */ = {
			isa = XCConfigurationList;
			buildConfigurations = (
				5292A938216BEBE100EB6D90 /* Debug */,
				5292A939216BEBE100EB6D90 /* Release */,
			);
			defaultConfigurationIsVisible = 0;
			defaultConfigurationName = Release;
		};
/* End XCConfigurationList section */
	};
	rootObject = 5292A919216BEBE000EB6D90 /* Project object */;
}
